// !$*UTF8*$!
{
	archiveVersion = 1;
	classes = {
	};
	objectVersion = 56;
	objects = {

/* Begin PBXBuildFile section */
		4603953E2C50D2AB00343D7E /* SearchFilterBar.swift in Sources */ = {isa = PBXBuildFile; fileRef = 4603953D2C50D2AB00343D7E /* SearchFilterBar.swift */; };
		466D925F2C4F848F007F5ECE /* AirbnbApp.swift in Sources */ = {isa = PBXBuildFile; fileRef = 466D925E2C4F848F007F5ECE /* AirbnbApp.swift */; };
		466D92612C4F848F007F5ECE /* ContentView.swift in Sources */ = {isa = PBXBuildFile; fileRef = 466D92602C4F848F007F5ECE /* ContentView.swift */; };
		466D92632C4F8493007F5ECE /* Assets.xcassets in Resources */ = {isa = PBXBuildFile; fileRef = 466D92622C4F8493007F5ECE /* Assets.xcassets */; };
		466D92662C4F8493007F5ECE /* Preview Assets.xcassets in Resources */ = {isa = PBXBuildFile; fileRef = 466D92652C4F8493007F5ECE /* Preview Assets.xcassets */; };
		466D92792C4FC3BB007F5ECE /* Property.swift in Sources */ = {isa = PBXBuildFile; fileRef = 466D92782C4FC3BB007F5ECE /* Property.swift */; };
		466D927B2C50075C007F5ECE /* ExploreView.swift in Sources */ = {isa = PBXBuildFile; fileRef = 466D927A2C50075C007F5ECE /* ExploreView.swift */; };
		466D927D2C500855007F5ECE /* PropertyCell.swift in Sources */ = {isa = PBXBuildFile; fileRef = 466D927C2C500855007F5ECE /* PropertyCell.swift */; };
/* End PBXBuildFile section */

/* Begin PBXFileReference section */
		4603953D2C50D2AB00343D7E /* SearchFilterBar.swift */ = {isa = PBXFileReference; lastKnownFileType = sourcecode.swift; path = SearchFilterBar.swift; sourceTree = "<group>"; };
		466D925B2C4F848F007F5ECE /* Airbnb.app */ = {isa = PBXFileReference; explicitFileType = wrapper.application; includeInIndex = 0; path = Airbnb.app; sourceTree = BUILT_PRODUCTS_DIR; };
		466D925E2C4F848F007F5ECE /* AirbnbApp.swift */ = {isa = PBXFileReference; lastKnownFileType = sourcecode.swift; path = AirbnbApp.swift; sourceTree = "<group>"; };
		466D92602C4F848F007F5ECE /* ContentView.swift */ = {isa = PBXFileReference; lastKnownFileType = sourcecode.swift; path = ContentView.swift; sourceTree = "<group>"; };
		466D92622C4F8493007F5ECE /* Assets.xcassets */ = {isa = PBXFileReference; lastKnownFileType = folder.assetcatalog; path = Assets.xcassets; sourceTree = "<group>"; };
		466D92652C4F8493007F5ECE /* Preview Assets.xcassets */ = {isa = PBXFileReference; lastKnownFileType = folder.assetcatalog; path = "Preview Assets.xcassets"; sourceTree = "<group>"; };
		466D92782C4FC3BB007F5ECE /* Property.swift */ = {isa = PBXFileReference; lastKnownFileType = sourcecode.swift; path = Property.swift; sourceTree = "<group>"; };
		466D927A2C50075C007F5ECE /* ExploreView.swift */ = {isa = PBXFileReference; lastKnownFileType = sourcecode.swift; path = ExploreView.swift; sourceTree = "<group>"; };
		466D927C2C500855007F5ECE /* PropertyCell.swift */ = {isa = PBXFileReference; lastKnownFileType = sourcecode.swift; path = PropertyCell.swift; sourceTree = "<group>"; };
/* End PBXFileReference section */

/* Begin PBXFrameworksBuildPhase section */
		466D92582C4F848E007F5ECE /* Frameworks */ = {
			isa = PBXFrameworksBuildPhase;
			buildActionMask = 2147483647;
			files = (
			);
			runOnlyForDeploymentPostprocessing = 0;
		};
/* End PBXFrameworksBuildPhase section */

/* Begin PBXGroup section */
		460395342C500DCB00343D7E /* Resources */ = {
			isa = PBXGroup;
			children = (
			);
			path = Resources;
			sourceTree = "<group>";
		};
		466D92522C4F848E007F5ECE = {
			isa = PBXGroup;
			children = (
				466D925D2C4F848F007F5ECE /* Airbnb */,
				466D925C2C4F848F007F5ECE /* Products */,
			);
			sourceTree = "<group>";
		};
		466D925C2C4F848F007F5ECE /* Products */ = {
			isa = PBXGroup;
			children = (
				466D925B2C4F848F007F5ECE /* Airbnb.app */,
			);
			name = Products;
			sourceTree = "<group>";
		};
		466D925D2C4F848F007F5ECE /* Airbnb */ = {
			isa = PBXGroup;
			children = (
				466D926D2C4F8FB5007F5ECE /* App */,
				466D926C2C4F8F81007F5ECE /* Core */,
				466D926F2C4F8FCD007F5ECE /* Extensions */,
				466D926E2C4F8FBE007F5ECE /* Models */,
				466D92702C4F8FD7007F5ECE /* Utils */,
				466D92602C4F848F007F5ECE /* ContentView.swift */,
				460395342C500DCB00343D7E /* Resources */,
				466D92622C4F8493007F5ECE /* Assets.xcassets */,
				466D92642C4F8493007F5ECE /* Preview Content */,
			);
			path = Airbnb;
			sourceTree = "<group>";
		};
		466D92642C4F8493007F5ECE /* Preview Content */ = {
			isa = PBXGroup;
			children = (
				466D92652C4F8493007F5ECE /* Preview Assets.xcassets */,
			);
			path = "Preview Content";
			sourceTree = "<group>";
		};
		466D926C2C4F8F81007F5ECE /* Core */ = {
			isa = PBXGroup;
			children = (
				466D92712C4F9050007F5ECE /* Explore */,
				466D92722C4F9057007F5ECE /* Listing */,
				466D92762C4F9090007F5ECE /* TabView */,
				466D92732C4F905D007F5ECE /* MapView */,
				466D92752C4F9085007F5ECE /* Profille */,
				466D92772C4F90BB007F5ECE /* Root */,
				466D92742C4F906F007F5ECE /* Wishlisting */,
			);
			path = Core;
			sourceTree = "<group>";
		};
		466D926D2C4F8FB5007F5ECE /* App */ = {
			isa = PBXGroup;
			children = (
				466D925E2C4F848F007F5ECE /* AirbnbApp.swift */,
			);
			path = App;
			sourceTree = "<group>";
		};
		466D926E2C4F8FBE007F5ECE /* Models */ = {
			isa = PBXGroup;
			children = (
				466D92782C4FC3BB007F5ECE /* Property.swift */,
			);
			path = Models;
			sourceTree = "<group>";
		};
		466D926F2C4F8FCD007F5ECE /* Extensions */ = {
			isa = PBXGroup;
			children = (
			);
			path = Extensions;
			sourceTree = "<group>";
		};
		466D92702C4F8FD7007F5ECE /* Utils */ = {
			isa = PBXGroup;
			children = (
			);
			path = Utils;
			sourceTree = "<group>";
		};
		466D92712C4F9050007F5ECE /* Explore */ = {
			isa = PBXGroup;
			children = (
				466D927A2C50075C007F5ECE /* ExploreView.swift */,
				4603953D2C50D2AB00343D7E /* SearchFilterBar.swift */,
			);
			path = Explore;
			sourceTree = "<group>";
		};
		466D92722C4F9057007F5ECE /* Listing */ = {
			isa = PBXGroup;
			children = (
				466D927C2C500855007F5ECE /* PropertyCell.swift */,
			);
			path = Listing;
			sourceTree = "<group>";
		};
		466D92732C4F905D007F5ECE /* MapView */ = {
			isa = PBXGroup;
			children = (
			);
			path = MapView;
			sourceTree = "<group>";
		};
		466D92742C4F906F007F5ECE /* Wishlisting */ = {
			isa = PBXGroup;
			children = (
			);
			path = Wishlisting;
			sourceTree = "<group>";
		};
		466D92752C4F9085007F5ECE /* Profille */ = {
			isa = PBXGroup;
			children = (
			);
			path = Profille;
			sourceTree = "<group>";
		};
		466D92762C4F9090007F5ECE /* TabView */ = {
			isa = PBXGroup;
			children = (
			);
			path = TabView;
			sourceTree = "<group>";
		};
		466D92772C4F90BB007F5ECE /* Root */ = {
			isa = PBXGroup;
			children = (
			);
			path = Root;
			sourceTree = "<group>";
		};
/* End PBXGroup section */

/* Begin PBXNativeTarget section */
		466D925A2C4F848E007F5ECE /* Airbnb */ = {
			isa = PBXNativeTarget;
			buildConfigurationList = 466D92692C4F8493007F5ECE /* Build configuration list for PBXNativeTarget "Airbnb" */;
			buildPhases = (
				466D92572C4F848E007F5ECE /* Sources */,
				466D92582C4F848E007F5ECE /* Frameworks */,
				466D92592C4F848E007F5ECE /* Resources */,
			);
			buildRules = (
			);
			dependencies = (
			);
			name = Airbnb;
			productName = Airbnb;
			productReference = 466D925B2C4F848F007F5ECE /* Airbnb.app */;
			productType = "com.apple.product-type.application";
		};
/* End PBXNativeTarget section */

/* Begin PBXProject section */
		466D92532C4F848E007F5ECE /* Project object */ = {
			isa = PBXProject;
			attributes = {
				BuildIndependentTargetsInParallel = 1;
				LastSwiftUpdateCheck = 1520;
				LastUpgradeCheck = 1520;
				TargetAttributes = {
					466D925A2C4F848E007F5ECE = {
						CreatedOnToolsVersion = 15.2;
					};
				};
			};
			buildConfigurationList = 466D92562C4F848E007F5ECE /* Build configuration list for PBXProject "Airbnb" */;
			compatibilityVersion = "Xcode 14.0";
			developmentRegion = en;
			hasScannedForEncodings = 0;
			knownRegions = (
				en,
				Base,
			);
			mainGroup = 466D92522C4F848E007F5ECE;
			productRefGroup = 466D925C2C4F848F007F5ECE /* Products */;
			projectDirPath = "";
			projectRoot = "";
			targets = (
				466D925A2C4F848E007F5ECE /* Airbnb */,
			);
		};
/* End PBXProject section */

/* Begin PBXResourcesBuildPhase section */
		466D92592C4F848E007F5ECE /* Resources */ = {
			isa = PBXResourcesBuildPhase;
			buildActionMask = 2147483647;
			files = (
				466D92662C4F8493007F5ECE /* Preview Assets.xcassets in Resources */,
				466D92632C4F8493007F5ECE /* Assets.xcassets in Resources */,
			);
			runOnlyForDeploymentPostprocessing = 0;
		};
/* End PBXResourcesBuildPhase section */

/* Begin PBXSourcesBuildPhase section */
		466D92572C4F848E007F5ECE /* Sources */ = {
			isa = PBXSourcesBuildPhase;
			buildActionMask = 2147483647;
			files = (
				466D92792C4FC3BB007F5ECE /* Property.swift in Sources */,
				466D92612C4F848F007F5ECE /* ContentView.swift in Sources */,
				466D927D2C500855007F5ECE /* PropertyCell.swift in Sources */,
				4603953E2C50D2AB00343D7E /* SearchFilterBar.swift in Sources */,
				466D927B2C50075C007F5ECE /* ExploreView.swift in Sources */,
				466D925F2C4F848F007F5ECE /* AirbnbApp.swift in Sources */,
			);
			runOnlyForDeploymentPostprocessing = 0;
		};
/* End PBXSourcesBuildPhase section */

/* Begin XCBuildConfiguration section */
		466D92672C4F8493007F5ECE /* Debug */ = {
			isa = XCBuildConfiguration;
			buildSettings = {
				ALWAYS_SEARCH_USER_PATHS = NO;
				ASSETCATALOG_COMPILER_GENERATE_SWIFT_ASSET_SYMBOL_EXTENSIONS = YES;
				CLANG_ANALYZER_NONNULL = YES;
				CLANG_ANALYZER_NUMBER_OBJECT_CONVERSION = YES_AGGRESSIVE;
				CLANG_CXX_LANGUAGE_STANDARD = "gnu++20";
				CLANG_ENABLE_MODULES = YES;
				CLANG_ENABLE_OBJC_ARC = YES;
				CLANG_ENABLE_OBJC_WEAK = YES;
				CLANG_WARN_BLOCK_CAPTURE_AUTORELEASING = YES;
				CLANG_WARN_BOOL_CONVERSION = YES;
				CLANG_WARN_COMMA = YES;
				CLANG_WARN_CONSTANT_CONVERSION = YES;
				CLANG_WARN_DEPRECATED_OBJC_IMPLEMENTATIONS = YES;
				CLANG_WARN_DIRECT_OBJC_ISA_USAGE = YES_ERROR;
				CLANG_WARN_DOCUMENTATION_COMMENTS = YES;
				CLANG_WARN_EMPTY_BODY = YES;
				CLANG_WARN_ENUM_CONVERSION = YES;
				CLANG_WARN_INFINITE_RECURSION = YES;
				CLANG_WARN_INT_CONVERSION = YES;
				CLANG_WARN_NON_LITERAL_NULL_CONVERSION = YES;
				CLANG_WARN_OBJC_IMPLICIT_RETAIN_SELF = YES;
				CLANG_WARN_OBJC_LITERAL_CONVERSION = YES;
				CLANG_WARN_OBJC_ROOT_CLASS = YES_ERROR;
				CLANG_WARN_QUOTED_INCLUDE_IN_FRAMEWORK_HEADER = YES;
				CLANG_WARN_RANGE_LOOP_ANALYSIS = YES;
				CLANG_WARN_STRICT_PROTOTYPES = YES;
				CLANG_WARN_SUSPICIOUS_MOVE = YES;
				CLANG_WARN_UNGUARDED_AVAILABILITY = YES_AGGRESSIVE;
				CLANG_WARN_UNREACHABLE_CODE = YES;
				CLANG_WARN__DUPLICATE_METHOD_MATCH = YES;
				COPY_PHASE_STRIP = NO;
				DEBUG_INFORMATION_FORMAT = dwarf;
				ENABLE_STRICT_OBJC_MSGSEND = YES;
				ENABLE_TESTABILITY = YES;
				ENABLE_USER_SCRIPT_SANDBOXING = YES;
				GCC_C_LANGUAGE_STANDARD = gnu17;
				GCC_DYNAMIC_NO_PIC = NO;
				GCC_NO_COMMON_BLOCKS = YES;
				GCC_OPTIMIZATION_LEVEL = 0;
				GCC_PREPROCESSOR_DEFINITIONS = (
					"DEBUG=1",
					"$(inherited)",
				);
				GCC_WARN_64_TO_32_BIT_CONVERSION = YES;
				GCC_WARN_ABOUT_RETURN_TYPE = YES_ERROR;
				GCC_WARN_UNDECLARED_SELECTOR = YES;
				GCC_WARN_UNINITIALIZED_AUTOS = YES_AGGRESSIVE;
				GCC_WARN_UNUSED_FUNCTION = YES;
				GCC_WARN_UNUSED_VARIABLE = YES;
				IPHONEOS_DEPLOYMENT_TARGET = 17.2;
				LOCALIZATION_PREFERS_STRING_CATALOGS = YES;
				MTL_ENABLE_DEBUG_INFO = INCLUDE_SOURCE;
				MTL_FAST_MATH = YES;
				ONLY_ACTIVE_ARCH = YES;
				SDKROOT = iphoneos;
				SWIFT_ACTIVE_COMPILATION_CONDITIONS = "DEBUG $(inherited)";
				SWIFT_OPTIMIZATION_LEVEL = "-Onone";
			};
			name = Debug;
		};
		466D92682C4F8493007F5ECE /* Release */ = {
			isa = XCBuildConfiguration;
			buildSettings = {
				ALWAYS_SEARCH_USER_PATHS = NO;
				ASSETCATALOG_COMPILER_GENERATE_SWIFT_ASSET_SYMBOL_EXTENSIONS = YES;
				CLANG_ANALYZER_NONNULL = YES;
				CLANG_ANALYZER_NUMBER_OBJECT_CONVERSION = YES_AGGRESSIVE;
				CLANG_CXX_LANGUAGE_STANDARD = "gnu++20";
				CLANG_ENABLE_MODULES = YES;
				CLANG_ENABLE_OBJC_ARC = YES;
				CLANG_ENABLE_OBJC_WEAK = YES;
				CLANG_WARN_BLOCK_CAPTURE_AUTORELEASING = YES;
				CLANG_WARN_BOOL_CONVERSION = YES;
				CLANG_WARN_COMMA = YES;
				CLANG_WARN_CONSTANT_CONVERSION = YES;
				CLANG_WARN_DEPRECATED_OBJC_IMPLEMENTATIONS = YES;
				CLANG_WARN_DIRECT_OBJC_ISA_USAGE = YES_ERROR;
				CLANG_WARN_DOCUMENTATION_COMMENTS = YES;
				CLANG_WARN_EMPTY_BODY = YES;
				CLANG_WARN_ENUM_CONVERSION = YES;
				CLANG_WARN_INFINITE_RECURSION = YES;
				CLANG_WARN_INT_CONVERSION = YES;
				CLANG_WARN_NON_LITERAL_NULL_CONVERSION = YES;
				CLANG_WARN_OBJC_IMPLICIT_RETAIN_SELF = YES;
				CLANG_WARN_OBJC_LITERAL_CONVERSION = YES;
				CLANG_WARN_OBJC_ROOT_CLASS = YES_ERROR;
				CLANG_WARN_QUOTED_INCLUDE_IN_FRAMEWORK_HEADER = YES;
				CLANG_WARN_RANGE_LOOP_ANALYSIS = YES;
				CLANG_WARN_STRICT_PROTOTYPES = YES;
				CLANG_WARN_SUSPICIOUS_MOVE = YES;
				CLANG_WARN_UNGUARDED_AVAILABILITY = YES_AGGRESSIVE;
				CLANG_WARN_UNREACHABLE_CODE = YES;
				CLANG_WARN__DUPLICATE_METHOD_MATCH = YES;
				COPY_PHASE_STRIP = NO;
				DEBUG_INFORMATION_FORMAT = "dwarf-with-dsym";
				ENABLE_NS_ASSERTIONS = NO;
				ENABLE_STRICT_OBJC_MSGSEND = YES;
				ENABLE_USER_SCRIPT_SANDBOXING = YES;
				GCC_C_LANGUAGE_STANDARD = gnu17;
				GCC_NO_COMMON_BLOCKS = YES;
				GCC_WARN_64_TO_32_BIT_CONVERSION = YES;
				GCC_WARN_ABOUT_RETURN_TYPE = YES_ERROR;
				GCC_WARN_UNDECLARED_SELECTOR = YES;
				GCC_WARN_UNINITIALIZED_AUTOS = YES_AGGRESSIVE;
				GCC_WARN_UNUSED_FUNCTION = YES;
				GCC_WARN_UNUSED_VARIABLE = YES;
				IPHONEOS_DEPLOYMENT_TARGET = 17.2;
				LOCALIZATION_PREFERS_STRING_CATALOGS = YES;
				MTL_ENABLE_DEBUG_INFO = NO;
				MTL_FAST_MATH = YES;
				SDKROOT = iphoneos;
				SWIFT_COMPILATION_MODE = wholemodule;
				VALIDATE_PRODUCT = YES;
			};
			name = Release;
		};
		466D926A2C4F8493007F5ECE /* Debug */ = {
			isa = XCBuildConfiguration;
			buildSettings = {
				ASSETCATALOG_COMPILER_APPICON_NAME = AppIcon;
				ASSETCATALOG_COMPILER_GLOBAL_ACCENT_COLOR_NAME = AccentColor;
				CODE_SIGN_STYLE = Automatic;
				CURRENT_PROJECT_VERSION = 1;
				DEVELOPMENT_ASSET_PATHS = "\"Airbnb/Preview Content\"";
				DEVELOPMENT_TEAM = VBXL5VH73B;
				ENABLE_PREVIEWS = YES;
				GENERATE_INFOPLIST_FILE = YES;
				INFOPLIST_KEY_UIApplicationSceneManifest_Generation = YES;
				INFOPLIST_KEY_UIApplicationSupportsIndirectInputEvents = YES;
				INFOPLIST_KEY_UILaunchScreen_Generation = YES;
				INFOPLIST_KEY_UISupportedInterfaceOrientations_iPad = "UIInterfaceOrientationPortrait UIInterfaceOrientationPortraitUpsideDown UIInterfaceOrientationLandscapeLeft UIInterfaceOrientationLandscapeRight";
				INFOPLIST_KEY_UISupportedInterfaceOrientations_iPhone = "UIInterfaceOrientationPortrait UIInterfaceOrientationLandscapeLeft UIInterfaceOrientationLandscapeRight";
				IPHONEOS_DEPLOYMENT_TARGET = 16.6;
				LD_RUNPATH_SEARCH_PATHS = (
					"$(inherited)",
					"@executable_path/Frameworks",
				);
				MARKETING_VERSION = 1.0;
				PRODUCT_BUNDLE_IDENTIFIER = com.gaurav.Airbnb;
				PRODUCT_NAME = "$(TARGET_NAME)";
				SUPPORTED_PLATFORMS = "iphoneos iphonesimulator";
				SUPPORTS_MACCATALYST = NO;
				SUPPORTS_MAC_DESIGNED_FOR_IPHONE_IPAD = NO;
				SUPPORTS_XR_DESIGNED_FOR_IPHONE_IPAD = NO;
				SWIFT_EMIT_LOC_STRINGS = YES;
				SWIFT_VERSION = 5.0;
				TARGETED_DEVICE_FAMILY = 1;
			};
			name = Debug;
		};
		466D926B2C4F8493007F5ECE /* Release */ = {
			isa = XCBuildConfiguration;
			buildSettings = {
				ASSETCATALOG_COMPILER_APPICON_NAME = AppIcon;
				ASSETCATALOG_COMPILER_GLOBAL_ACCENT_COLOR_NAME = AccentColor;
				CODE_SIGN_STYLE = Automatic;
				CURRENT_PROJECT_VERSION = 1;
				DEVELOPMENT_ASSET_PATHS = "\"Airbnb/Preview Content\"";
				DEVELOPMENT_TEAM = VBXL5VH73B;
				ENABLE_PREVIEWS = YES;
				GENERATE_INFOPLIST_FILE = YES;
				INFOPLIST_KEY_UIApplicationSceneManifest_Generation = YES;
				INFOPLIST_KEY_UIApplicationSupportsIndirectInputEvents = YES;
				INFOPLIST_KEY_UILaunchScreen_Generation = YES;
				INFOPLIST_KEY_UISupportedInterfaceOrientations_iPad = "UIInterfaceOrientationPortrait UIInterfaceOrientationPortraitUpsideDown UIInterfaceOrientationLandscapeLeft UIInterfaceOrientationLandscapeRight";
				INFOPLIST_KEY_UISupportedInterfaceOrientations_iPhone = "UIInterfaceOrientationPortrait UIInterfaceOrientationLandscapeLeft UIInterfaceOrientationLandscapeRight";
				IPHONEOS_DEPLOYMENT_TARGET = 16.6;
				LD_RUNPATH_SEARCH_PATHS = (
					"$(inherited)",
					"@executable_path/Frameworks",
				);
				MARKETING_VERSION = 1.0;
				PRODUCT_BUNDLE_IDENTIFIER = com.gaurav.Airbnb;
				PRODUCT_NAME = "$(TARGET_NAME)";
				SUPPORTED_PLATFORMS = "iphoneos iphonesimulator";
				SUPPORTS_MACCATALYST = NO;
				SUPPORTS_MAC_DESIGNED_FOR_IPHONE_IPAD = NO;
				SUPPORTS_XR_DESIGNED_FOR_IPHONE_IPAD = NO;
				SWIFT_EMIT_LOC_STRINGS = YES;
				SWIFT_VERSION = 5.0;
				TARGETED_DEVICE_FAMILY = 1;
			};
			name = Release;
		};
/* End XCBuildConfiguration section */

/* Begin XCConfigurationList section */
		466D92562C4F848E007F5ECE /* Build configuration list for PBXProject "Airbnb" */ = {
			isa = XCConfigurationList;
			buildConfigurations = (
				466D92672C4F8493007F5ECE /* Debug */,
				466D92682C4F8493007F5ECE /* Release */,
			);
			defaultConfigurationIsVisible = 0;
			defaultConfigurationName = Release;
		};
		466D92692C4F8493007F5ECE /* Build configuration list for PBXNativeTarget "Airbnb" */ = {
			isa = XCConfigurationList;
			buildConfigurations = (
				466D926A2C4F8493007F5ECE /* Debug */,
				466D926B2C4F8493007F5ECE /* Release */,
			);
			defaultConfigurationIsVisible = 0;
			defaultConfigurationName = Release;
		};
/* End XCConfigurationList section */
	};
	rootObject = 466D92532C4F848E007F5ECE /* Project object */;
}
